{
  "name": "event-handler",
  "version": "1.0.0",
  "lockfileVersion": 1,
  "requires": true,
  "dependencies": {
    "@adobe/jwt-auth": {
      "version": "0.2.0",
      "resolved": "https://artifactory.corp.adobe.com:443/artifactory/api/npm/npmjs-remote/@adobe/jwt-auth/-/jwt-auth-0.2.0.tgz",
      "integrity": "sha1-mAXsb6jAI3oGvzy1iSxMNa352GA=",
      "requires": {
        "form-data": "^2.3.3",
        "jsonwebtoken": "^8.4.0",
        "node-fetch": "^2.3.0"
      }
    },
    "@types/node": {
      "version": "8.10.52",
      "resolved": "https://artifactory.corp.adobe.com:443/artifactory/api/npm/npmjs-remote/@types/node/-/node-8.10.52.tgz",
      "integrity": "sha1-7wyhgJmU4gGGCQQIuMt/Kmh31fk="
    },
    "agent-base": {
      "version": "4.3.0",
      "resolved": "https://artifactory.corp.adobe.com:443/artifactory/api/npm/npmjs-remote/agent-base/-/agent-base-4.3.0.tgz",
      "integrity": "sha1-gWXwHENgCbzK0LHRIvBe13Dvxu4=",
      "requires": {
        "es6-promisify": "^5.0.0"
      }
    },
    "ast-types": {
      "version": "0.13.2",
      "resolved": "https://artifactory.corp.adobe.com:443/artifactory/api/npm/npmjs-remote/ast-types/-/ast-types-0.13.2.tgz",
      "integrity": "sha1-3zm2d6kRqD86BJZE+3T93tI86kg="
    },
    "asynckit": {
      "version": "0.4.0",
      "resolved": "https://artifactory.corp.adobe.com:443/artifactory/api/npm/npmjs-remote/asynckit/-/asynckit-0.4.0.tgz",
      "integrity": "sha1-x57Zf380y48robyXkLzDZkdLS3k="
    },
    "buffer-equal-constant-time": {
      "version": "1.0.1",
      "resolved": "https://artifactory.corp.adobe.com:443/artifactory/api/npm/npmjs-remote/buffer-equal-constant-time/-/buffer-equal-constant-time-1.0.1.tgz",
      "integrity": "sha1-+OcRMvf/5uAaXJaXpMbz5I1cyBk="
    },
    "bytes": {
      "version": "3.1.0",
      "resolved": "https://artifactory.corp.adobe.com:443/artifactory/api/npm/npmjs-remote/bytes/-/bytes-3.1.0.tgz",
      "integrity": "sha1-9s95M6Ng4FiPqf3oVlHNx/gF0fY="
    },
    "co": {
      "version": "4.6.0",
      "resolved": "https://artifactory.corp.adobe.com:443/artifactory/api/npm/npmjs-remote/co/-/co-4.6.0.tgz",
      "integrity": "sha1-bqa989hTrlTMuOR7+gvz+QMfsYQ="
    },
    "combined-stream": {
      "version": "1.0.8",
      "resolved": "https://artifactory.corp.adobe.com:443/artifactory/api/npm/npmjs-remote/combined-stream/-/combined-stream-1.0.8.tgz",
      "integrity": "sha1-w9RaizT9cwYxoRCoolIGgrMdWn8=",
      "requires": {
        "delayed-stream": "~1.0.0"
      }
    },
    "core-util-is": {
      "version": "1.0.2",
      "resolved": "https://artifactory.corp.adobe.com:443/artifactory/api/npm/npmjs-remote/core-util-is/-/core-util-is-1.0.2.tgz",
      "integrity": "sha1-tf1UIgqivFq1eqtxQMlAdUUDwac="
    },
    "data-uri-to-buffer": {
      "version": "2.0.1",
      "resolved": "https://artifactory.corp.adobe.com:443/artifactory/api/npm/npmjs-remote/data-uri-to-buffer/-/data-uri-to-buffer-2.0.1.tgz",
      "integrity": "sha1-yo9W/jix/TKUc+nRtKmvzYzhwEU=",
      "requires": {
        "@types/node": "^8.0.7"
      }
    },
    "debug": {
      "version": "3.2.6",
      "resolved": "https://artifactory.corp.adobe.com:443/artifactory/api/npm/npmjs-remote/debug/-/debug-3.2.6.tgz",
      "integrity": "sha1-6D0X3hbYp++3cX7b5fsQE17uYps=",
      "requires": {
        "ms": "^2.1.1"
      }
    },
    "deep-is": {
      "version": "0.1.3",
      "resolved": "https://artifactory.corp.adobe.com:443/artifactory/api/npm/npmjs-remote/deep-is/-/deep-is-0.1.3.tgz",
      "integrity": "sha1-s2nW+128E+7PUk+RsHD+7cNXzzQ="
    },
    "degenerator": {
      "version": "1.0.4",
      "resolved": "https://artifactory.corp.adobe.com:443/artifactory/api/npm/npmjs-remote/degenerator/-/degenerator-1.0.4.tgz",
      "integrity": "sha1-/PSQo37OJmRk2cxDGrmMWBnO0JU=",
      "requires": {
        "ast-types": "0.x.x",
        "escodegen": "1.x.x",
        "esprima": "3.x.x"
      }
    },
    "delayed-stream": {
      "version": "1.0.0",
      "resolved": "https://artifactory.corp.adobe.com:443/artifactory/api/npm/npmjs-remote/delayed-stream/-/delayed-stream-1.0.0.tgz",
      "integrity": "sha1-3zrhmayt+31ECqrgsp4icrJOxhk="
    },
    "depd": {
      "version": "1.1.2",
      "resolved": "https://artifactory.corp.adobe.com:443/artifactory/api/npm/npmjs-remote/depd/-/depd-1.1.2.tgz",
      "integrity": "sha1-m81S4UwJd2PnSbJ0xDRu0uVgtak="
    },
    "dotenv": {
      "version": "8.1.0",
      "resolved": "https://artifactory.corp.adobe.com:443/artifactory/api/npm/npmjs-remote/dotenv/-/dotenv-8.1.0.tgz",
      "integrity": "sha1-2BHheGUr+4oeWTxt1wTsfpDYXqI="
    },
    "ecdsa-sig-formatter": {
      "version": "1.0.11",
      "resolved": "https://artifactory.corp.adobe.com:443/artifactory/api/npm/npmjs-remote/ecdsa-sig-formatter/-/ecdsa-sig-formatter-1.0.11.tgz",
      "integrity": "sha1-rg8PothQRe8UqBfao86azQSJ5b8=",
      "requires": {
        "safe-buffer": "^5.0.1"
      }
    },
    "es6-promise": {
      "version": "4.2.8",
      "resolved": "https://artifactory.corp.adobe.com:443/artifactory/api/npm/npmjs-remote/es6-promise/-/es6-promise-4.2.8.tgz",
      "integrity": "sha1-TrIVlMlyvEBVPSduUQU5FD21Pgo="
    },
    "es6-promisify": {
      "version": "5.0.0",
      "resolved": "https://artifactory.corp.adobe.com:443/artifactory/api/npm/npmjs-remote/es6-promisify/-/es6-promisify-5.0.0.tgz",
      "integrity": "sha1-UQnWLz5W6pZ8S2NQWu8IKRyKUgM=",
      "requires": {
        "es6-promise": "^4.0.3"
      }
    },
    "escodegen": {
      "version": "1.12.0",
      "resolved": "https://artifactory.corp.adobe.com:443/artifactory/api/npm/npmjs-remote/escodegen/-/escodegen-1.12.0.tgz",
      "integrity": "sha1-92Pa+ECvFyuzorbdchnA4X9/9UE=",
      "requires": {
        "esprima": "^3.1.3",
        "estraverse": "^4.2.0",
        "esutils": "^2.0.2",
        "optionator": "^0.8.1",
        "source-map": "~0.6.1"
      }
    },
    "esprima": {
      "version": "3.1.3",
      "resolved": "https://artifactory.corp.adobe.com:443/artifactory/api/npm/npmjs-remote/esprima/-/esprima-3.1.3.tgz",
      "integrity": "sha1-/cpRzuYTOJXjyI1TXOSdv/YqRjM="
    },
    "estraverse": {
      "version": "4.3.0",
      "resolved": "https://artifactory.corp.adobe.com:443/artifactory/api/npm/npmjs-remote/estraverse/-/estraverse-4.3.0.tgz",
      "integrity": "sha1-OYrT88WiSUi+dyXoPRGn3ijNvR0="
    },
    "esutils": {
      "version": "2.0.3",
      "resolved": "https://artifactory.corp.adobe.com:443/artifactory/api/npm/npmjs-remote/esutils/-/esutils-2.0.3.tgz",
      "integrity": "sha1-dNLrTeC42hKTcRkQ1Qd1ubcQ72Q="
    },
    "extend": {
      "version": "3.0.2",
      "resolved": "https://artifactory.corp.adobe.com:443/artifactory/api/npm/npmjs-remote/extend/-/extend-3.0.2.tgz",
      "integrity": "sha1-+LETa0Bx+9jrFAr/hYsQGewpFfo="
    },
    "fast-levenshtein": {
      "version": "2.0.6",
      "resolved": "https://artifactory.corp.adobe.com:443/artifactory/api/npm/npmjs-remote/fast-levenshtein/-/fast-levenshtein-2.0.6.tgz",
      "integrity": "sha1-PYpcZog6FqMMqGQ+hR8Zuqd5eRc="
    },
    "file-uri-to-path": {
      "version": "1.0.0",
      "resolved": "https://artifactory.corp.adobe.com:443/artifactory/api/npm/npmjs-remote/file-uri-to-path/-/file-uri-to-path-1.0.0.tgz",
      "integrity": "sha1-VTp7hEb/b2hDWcRF8eN6BdrMM90="
    },
    "form-data": {
      "version": "2.5.0",
      "resolved": "https://artifactory.corp.adobe.com:443/artifactory/api/npm/npmjs-remote/form-data/-/form-data-2.5.0.tgz",
      "integrity": "sha1-CU7DWdxLVefWLg20rNduif6HTTc=",
      "requires": {
        "asynckit": "^0.4.0",
        "combined-stream": "^1.0.6",
        "mime-types": "^2.1.12"
      }
    },
    "ftp": {
      "version": "0.3.10",
      "resolved": "https://artifactory.corp.adobe.com:443/artifactory/api/npm/npmjs-remote/ftp/-/ftp-0.3.10.tgz",
      "integrity": "sha1-kZfYYa2BQvPmPVqDv+TFn3MwiF0=",
      "requires": {
        "readable-stream": "1.1.x",
        "xregexp": "2.0.0"
      },
      "dependencies": {
        "readable-stream": {
          "version": "1.1.14",
          "resolved": "https://artifactory.corp.adobe.com:443/artifactory/api/npm/npmjs-remote/readable-stream/-/readable-stream-1.1.14.tgz",
          "integrity": "sha1-fPTFTvZI44EwhMY23SB54WbAgdk=",
          "requires": {
            "core-util-is": "~1.0.0",
            "inherits": "~2.0.1",
            "isarray": "0.0.1",
            "string_decoder": "~0.10.x"
          }
        }
      }
    },
    "get-uri": {
      "version": "2.0.3",
      "resolved": "https://artifactory.corp.adobe.com:443/artifactory/api/npm/npmjs-remote/get-uri/-/get-uri-2.0.3.tgz",
      "integrity": "sha1-+hM1Iml4HXUWLG/IE8npBTI/urU=",
      "requires": {
        "data-uri-to-buffer": "2",
        "debug": "4",
        "extend": "~3.0.2",
        "file-uri-to-path": "1",
        "ftp": "~0.3.10",
        "readable-stream": "3"
      },
      "dependencies": {
        "debug": {
          "version": "4.1.1",
          "resolved": "https://artifactory.corp.adobe.com:443/artifactory/api/npm/npmjs-remote/debug/-/debug-4.1.1.tgz",
          "integrity": "sha1-O3ImAlUQnGtYnO4FDx1RYTlmR5E=",
          "requires": {
            "ms": "^2.1.1"
          }
        }
      }
    },
    "http-errors": {
      "version": "1.7.3",
      "resolved": "https://artifactory.corp.adobe.com:443/artifactory/api/npm/npmjs-remote/http-errors/-/http-errors-1.7.3.tgz",
      "integrity": "sha1-bGGeT5xgMIw4UZSYwU+7EKrOuwY=",
      "requires": {
        "depd": "~1.1.2",
        "inherits": "2.0.4",
        "setprototypeof": "1.1.1",
        "statuses": ">= 1.5.0 < 2",
        "toidentifier": "1.0.0"
      }
    },
    "http-proxy-agent": {
      "version": "2.1.0",
      "resolved": "https://artifactory.corp.adobe.com:443/artifactory/api/npm/npmjs-remote/http-proxy-agent/-/http-proxy-agent-2.1.0.tgz",
      "integrity": "sha1-5IIb7vWyFCogJr1zkm/lN2McVAU=",
      "requires": {
        "agent-base": "4",
        "debug": "3.1.0"
      },
      "dependencies": {
        "debug": {
          "version": "3.1.0",
          "resolved": "https://artifactory.corp.adobe.com:443/artifactory/api/npm/npmjs-remote/debug/-/debug-3.1.0.tgz",
          "integrity": "sha1-W7WgZyYotkFJVmuhaBnmFRjGcmE=",
          "requires": {
            "ms": "2.0.0"
          }
        },
        "ms": {
          "version": "2.0.0",
          "resolved": "https://artifactory.corp.adobe.com:443/artifactory/api/npm/npmjs-remote/ms/-/ms-2.0.0.tgz",
          "integrity": "sha1-VgiurfwAvmwpAd9fmGF4jeDVl8g="
        }
      }
    },
    "https-proxy-agent": {
      "version": "2.2.2",
      "resolved": "https://artifactory.corp.adobe.com:443/artifactory/api/npm/npmjs-remote/https-proxy-agent/-/https-proxy-agent-2.2.2.tgz",
      "integrity": "sha1-Jx6o6Q+DasnxGdrM05wZ/337B5M=",
      "requires": {
        "agent-base": "^4.3.0",
        "debug": "^3.1.0"
      }
    },
    "iconv-lite": {
      "version": "0.4.24",
      "resolved": "https://artifactory.corp.adobe.com:443/artifactory/api/npm/npmjs-remote/iconv-lite/-/iconv-lite-0.4.24.tgz",
      "integrity": "sha1-ICK0sl+93CHS9SSXSkdKr+czkIs=",
      "requires": {
        "safer-buffer": ">= 2.1.2 < 3"
      }
    },
    "inherits": {
      "version": "2.0.4",
      "resolved": "https://artifactory.corp.adobe.com:443/artifactory/api/npm/npmjs-remote/inherits/-/inherits-2.0.4.tgz",
      "integrity": "sha1-D6LGT5MpF8NDOg3tVTY6rjdBa3w="
    },
    "ip": {
      "version": "1.1.5",
      "resolved": "https://artifactory.corp.adobe.com:443/artifactory/api/npm/npmjs-remote/ip/-/ip-1.1.5.tgz",
      "integrity": "sha1-vd7XARQpCCjAoDnnLvJfWq7ENUo="
    },
    "isarray": {
      "version": "0.0.1",
      "resolved": "https://artifactory.corp.adobe.com:443/artifactory/api/npm/npmjs-remote/isarray/-/isarray-0.0.1.tgz",
      "integrity": "sha1-ihis/Kmo9Bd+Cav8YDiTmwXR7t8="
    },
    "jsonwebtoken": {
      "version": "8.5.1",
      "resolved": "https://artifactory.corp.adobe.com:443/artifactory/api/npm/npmjs-remote/jsonwebtoken/-/jsonwebtoken-8.5.1.tgz",
      "integrity": "sha1-AOceC431TCEhofJhN98igGc7zA0=",
      "requires": {
        "jws": "^3.2.2",
        "lodash.includes": "^4.3.0",
        "lodash.isboolean": "^3.0.3",
        "lodash.isinteger": "^4.0.4",
        "lodash.isnumber": "^3.0.3",
        "lodash.isplainobject": "^4.0.6",
        "lodash.isstring": "^4.0.1",
        "lodash.once": "^4.0.0",
        "ms": "^2.1.1",
        "semver": "^5.6.0"
      }
    },
    "jwa": {
      "version": "1.4.1",
      "resolved": "https://artifactory.corp.adobe.com:443/artifactory/api/npm/npmjs-remote/jwa/-/jwa-1.4.1.tgz",
      "integrity": "sha1-dDwymFy56YZVUw1TZBtmyGRbA5o=",
      "requires": {
        "buffer-equal-constant-time": "1.0.1",
        "ecdsa-sig-formatter": "1.0.11",
        "safe-buffer": "^5.0.1"
      }
    },
    "jws": {
      "version": "3.2.2",
      "resolved": "https://artifactory.corp.adobe.com:443/artifactory/api/npm/npmjs-remote/jws/-/jws-3.2.2.tgz",
      "integrity": "sha1-ABCZ82OUaMlBQADpmZX6UvtHgwQ=",
      "requires": {
        "jwa": "^1.4.1",
        "safe-buffer": "^5.0.1"
      }
    },
    "levn": {
      "version": "0.3.0",
      "resolved": "https://artifactory.corp.adobe.com:443/artifactory/api/npm/npmjs-remote/levn/-/levn-0.3.0.tgz",
      "integrity": "sha1-OwmSTt+fCDwEkP3UwLxEIeBHZO4=",
      "requires": {
        "prelude-ls": "~1.1.2",
        "type-check": "~0.3.2"
      }
    },
    "lodash.includes": {
      "version": "4.3.0",
      "resolved": "https://artifactory.corp.adobe.com:443/artifactory/api/npm/npmjs-remote/lodash.includes/-/lodash.includes-4.3.0.tgz",
      "integrity": "sha1-YLuYqHy5I8aMoeUTJUgzFISfVT8="
    },
    "lodash.isboolean": {
      "version": "3.0.3",
      "resolved": "https://artifactory.corp.adobe.com:443/artifactory/api/npm/npmjs-remote/lodash.isboolean/-/lodash.isboolean-3.0.3.tgz",
      "integrity": "sha1-bC4XHbKiV82WgC/UOwGyDV9YcPY="
    },
    "lodash.isinteger": {
      "version": "4.0.4",
      "resolved": "https://artifactory.corp.adobe.com:443/artifactory/api/npm/npmjs-remote/lodash.isinteger/-/lodash.isinteger-4.0.4.tgz",
      "integrity": "sha1-YZwK89A/iwTDH1iChAt3sRzWg0M="
    },
    "lodash.isnumber": {
      "version": "3.0.3",
      "resolved": "https://artifactory.corp.adobe.com:443/artifactory/api/npm/npmjs-remote/lodash.isnumber/-/lodash.isnumber-3.0.3.tgz",
      "integrity": "sha1-POdoEMWSjQM1IwGsKHMX8RwLH/w="
    },
    "lodash.isplainobject": {
      "version": "4.0.6",
      "resolved": "https://artifactory.corp.adobe.com:443/artifactory/api/npm/npmjs-remote/lodash.isplainobject/-/lodash.isplainobject-4.0.6.tgz",
      "integrity": "sha1-fFJqUtibRcRcxpC4gWO+BJf1UMs="
    },
    "lodash.isstring": {
      "version": "4.0.1",
      "resolved": "https://artifactory.corp.adobe.com:443/artifactory/api/npm/npmjs-remote/lodash.isstring/-/lodash.isstring-4.0.1.tgz",
      "integrity": "sha1-1SfftUVuynzJu5XV2ur4i6VKVFE="
    },
    "lodash.once": {
      "version": "4.1.1",
      "resolved": "https://artifactory.corp.adobe.com:443/artifactory/api/npm/npmjs-remote/lodash.once/-/lodash.once-4.1.1.tgz",
      "integrity": "sha1-DdOXEhPHxW34gJd9UEyI+0cal6w="
    },
    "lru-cache": {
      "version": "4.1.5",
      "resolved": "https://artifactory.corp.adobe.com:443/artifactory/api/npm/npmjs-remote/lru-cache/-/lru-cache-4.1.5.tgz",
      "integrity": "sha1-i75Q6oW+1ZvJ4z3KuCNe6bz0Q80=",
      "requires": {
        "pseudomap": "^1.0.2",
        "yallist": "^2.1.2"
      }
    },
    "mime-db": {
      "version": "1.40.0",
      "resolved": "https://artifactory.corp.adobe.com:443/artifactory/api/npm/npmjs-remote/mime-db/-/mime-db-1.40.0.tgz",
      "integrity": "sha1-plBX6ZjbCQ9zKmj2wnbTh9QSbDI="
    },
    "mime-types": {
      "version": "2.1.24",
      "resolved": "https://artifactory.corp.adobe.com:443/artifactory/api/npm/npmjs-remote/mime-types/-/mime-types-2.1.24.tgz",
      "integrity": "sha1-tvjQs+lR77d97eyhlM/20W9nb4E=",
      "requires": {
        "mime-db": "1.40.0"
      }
    },
    "ms": {
      "version": "2.1.2",
      "resolved": "https://artifactory.corp.adobe.com:443/artifactory/api/npm/npmjs-remote/ms/-/ms-2.1.2.tgz",
      "integrity": "sha1-0J0fNXtEP0kzgqjrPM0YOHKuYAk="
    },
    "needle": {
      "version": "2.4.0",
      "resolved": "https://artifactory.corp.adobe.com:443/artifactory/api/npm/npmjs-remote/needle/-/needle-2.4.0.tgz",
      "integrity": "sha1-aDPnSXXERGQlkOFadQKIxfk5tXw=",
      "requires": {
        "debug": "^3.2.6",
        "iconv-lite": "^0.4.4",
        "sax": "^1.2.4"
      }
    },
    "netmask": {
      "version": "1.0.6",
      "resolved": "https://artifactory.corp.adobe.com:443/artifactory/api/npm/npmjs-remote/netmask/-/netmask-1.0.6.tgz",
      "integrity": "sha1-ICl+idhvb2QA8lDZ9Pa0wZRfzTU="
    },
    "node-fetch": {
      "version": "2.6.0",
      "resolved": "https://artifactory.corp.adobe.com:443/artifactory/api/npm/npmjs-remote/node-fetch/-/node-fetch-2.6.0.tgz",
      "integrity": "sha1-5jNFY4bUqlWGP2dqerDaqP3ssP0="
    },
    "openwhisk": {
      "version": "3.19.0",
      "resolved": "https://artifactory.corp.adobe.com:443/artifactory/api/npm/npmjs-remote/openwhisk/-/openwhisk-3.19.0.tgz",
      "integrity": "sha1-7Uj2j5hJ3yMJMIdG5sVmyTFdiRc=",
      "requires": {
        "needle": "^2.1.0",
        "proxy-agent": "^3.0.3"
      }
    },
    "optionator": {
      "version": "0.8.2",
      "resolved": "https://artifactory.corp.adobe.com:443/artifactory/api/npm/npmjs-remote/optionator/-/optionator-0.8.2.tgz",
      "integrity": "sha1-NkxeQJ0/TWMB1sC0wFu6UBgK62Q=",
      "requires": {
        "deep-is": "~0.1.3",
        "fast-levenshtein": "~2.0.4",
        "levn": "~0.3.0",
        "prelude-ls": "~1.1.2",
        "type-check": "~0.3.2",
        "wordwrap": "~1.0.0"
      }
    },
    "pac-proxy-agent": {
      "version": "3.0.0",
      "resolved": "https://artifactory.corp.adobe.com:443/artifactory/api/npm/npmjs-remote/pac-proxy-agent/-/pac-proxy-agent-3.0.0.tgz",
      "integrity": "sha1-EdV4tyoWStdL+dW6yf9GKjgoJDI=",
      "requires": {
        "agent-base": "^4.2.0",
        "debug": "^3.1.0",
        "get-uri": "^2.0.0",
        "http-proxy-agent": "^2.1.0",
        "https-proxy-agent": "^2.2.1",
        "pac-resolver": "^3.0.0",
        "raw-body": "^2.2.0",
        "socks-proxy-agent": "^4.0.1"
      }
    },
    "pac-resolver": {
      "version": "3.0.0",
      "resolved": "https://artifactory.corp.adobe.com:443/artifactory/api/npm/npmjs-remote/pac-resolver/-/pac-resolver-3.0.0.tgz",
      "integrity": "sha1-auoweH2wqJFwTet4AKcip2FabyY=",
      "requires": {
        "co": "^4.6.0",
        "degenerator": "^1.0.4",
        "ip": "^1.1.5",
        "netmask": "^1.0.6",
        "thunkify": "^2.1.2"
      }
    },
    "prelude-ls": {
      "version": "1.1.2",
      "resolved": "https://artifactory.corp.adobe.com:443/artifactory/api/npm/npmjs-remote/prelude-ls/-/prelude-ls-1.1.2.tgz",
      "integrity": "sha1-IZMqVJ9eUv/ZqCf1cOBL5iqX2lQ="
    },
    "proxy-agent": {
      "version": "3.1.0",
      "resolved": "https://artifactory.corp.adobe.com:443/artifactory/api/npm/npmjs-remote/proxy-agent/-/proxy-agent-3.1.0.tgz",
      "integrity": "sha1-PPhu6RHJSHTeQ1nzfv2d4lFXwRM=",
      "requires": {
        "agent-base": "^4.2.0",
        "debug": "^3.1.0",
        "http-proxy-agent": "^2.1.0",
        "https-proxy-agent": "^2.2.1",
        "lru-cache": "^4.1.2",
        "pac-proxy-agent": "^3.0.0",
        "proxy-from-env": "^1.0.0",
        "socks-proxy-agent": "^4.0.1"
      }
    },
    "proxy-from-env": {
      "version": "1.0.0",
      "resolved": "https://artifactory.corp.adobe.com:443/artifactory/api/npm/npmjs-remote/proxy-from-env/-/proxy-from-env-1.0.0.tgz",
      "integrity": "sha1-M8UDmPcOp+uW0h97gXYwpVeRx+4="
    },
    "pseudomap": {
      "version": "1.0.2",
      "resolved": "https://artifactory.corp.adobe.com:443/artifactory/api/npm/npmjs-remote/pseudomap/-/pseudomap-1.0.2.tgz",
      "integrity": "sha1-8FKijacOYYkX7wqKw0wa5aaChrM="
    },
    "raw-body": {
      "version": "2.4.1",
      "resolved": "https://artifactory.corp.adobe.com:443/artifactory/api/npm/npmjs-remote/raw-body/-/raw-body-2.4.1.tgz",
      "integrity": "sha1-MKyC+Yu1rowVLmcUnayNVRU7Fow=",
      "requires": {
        "bytes": "3.1.0",
        "http-errors": "1.7.3",
        "iconv-lite": "0.4.24",
        "unpipe": "1.0.0"
      }
    },
    "readable-stream": {
      "version": "3.4.0",
      "resolved": "https://artifactory.corp.adobe.com:443/artifactory/api/npm/npmjs-remote/readable-stream/-/readable-stream-3.4.0.tgz",
      "integrity": "sha1-pRwmdUZY4KPCHb9ZFjvUW6b0R/w=",
      "requires": {
        "inherits": "^2.0.3",
        "string_decoder": "^1.1.1",
        "util-deprecate": "^1.0.1"
      },
      "dependencies": {
        "string_decoder": {
          "version": "1.3.0",
          "resolved": "https://artifactory.corp.adobe.com:443/artifactory/api/npm/npmjs-remote/string_decoder/-/string_decoder-1.3.0.tgz",
          "integrity": "sha1-QvEUWUpGzxqOMLCoT1bHjD7awh4=",
          "requires": {
            "safe-buffer": "~5.2.0"
          }
        }
      }
    },
    "safe-buffer": {
      "version": "5.2.0",
      "resolved": "https://artifactory.corp.adobe.com:443/artifactory/api/npm/npmjs-remote/safe-buffer/-/safe-buffer-5.2.0.tgz",
      "integrity": "sha1-t02uxJsRSPiMZLaNSbHoFcHy9Rk="
    },
    "safer-buffer": {
      "version": "2.1.2",
      "resolved": "https://artifactory.corp.adobe.com:443/artifactory/api/npm/npmjs-remote/safer-buffer/-/safer-buffer-2.1.2.tgz",
      "integrity": "sha1-RPoWGwGHuVSd2Eu5GAL5vYOFzWo="
    },
    "sax": {
      "version": "1.2.4",
      "resolved": "https://artifactory.corp.adobe.com:443/artifactory/api/npm/npmjs-remote/sax/-/sax-1.2.4.tgz",
      "integrity": "sha1-KBYjTiN4vdxOU1T6tcqold9xANk="
    },
    "semver": {
      "version": "5.7.1",
      "resolved": "https://artifactory.corp.adobe.com:443/artifactory/api/npm/npmjs-remote/semver/-/semver-5.7.1.tgz",
      "integrity": "sha1-qVT5Ma66UI0we78Gnv8MAclhFvc="
    },
    "setprototypeof": {
      "version": "1.1.1",
      "resolved": "https://artifactory.corp.adobe.com:443/artifactory/api/npm/npmjs-remote/setprototypeof/-/setprototypeof-1.1.1.tgz",
      "integrity": "sha1-fpWsskqpL1iF4KvvW6ExMw1K5oM="
    },
    "smart-buffer": {
      "version": "4.0.2",
      "resolved": "https://artifactory.corp.adobe.com:443/artifactory/api/npm/npmjs-remote/smart-buffer/-/smart-buffer-4.0.2.tgz",
      "integrity": "sha1-UgeFjDgVzGkRBwPGuU5GwVY0OV0="
    },
    "socks": {
      "version": "2.3.2",
      "resolved": "https://artifactory.corp.adobe.com:443/artifactory/api/npm/npmjs-remote/socks/-/socks-2.3.2.tgz",
      "integrity": "sha1-reOI6ebYf9sRZJwVdGxXiSKliD4=",
      "requires": {
        "ip": "^1.1.5",
        "smart-buffer": "4.0.2"
      }
    },
    "socks-proxy-agent": {
      "version": "4.0.2",
      "resolved": "https://artifactory.corp.adobe.com:443/artifactory/api/npm/npmjs-remote/socks-proxy-agent/-/socks-proxy-agent-4.0.2.tgz",
      "integrity": "sha1-PImR8xRbJ5nnDhG9X7yLGWMRY4Y=",
      "requires": {
        "agent-base": "~4.2.1",
        "socks": "~2.3.2"
      },
      "dependencies": {
        "agent-base": {
          "version": "4.2.1",
          "resolved": "https://artifactory.corp.adobe.com:443/artifactory/api/npm/npmjs-remote/agent-base/-/agent-base-4.2.1.tgz",
          "integrity": "sha1-2J5ZmfeXh1Z0wH2H8mD8Qeg+jKk=",
          "requires": {
            "es6-promisify": "^5.0.0"
          }
        }
      }
    },
    "source-map": {
      "version": "0.6.1",
      "resolved": "https://artifactory.corp.adobe.com:443/artifactory/api/npm/npmjs-remote/source-map/-/source-map-0.6.1.tgz",
      "integrity": "sha1-dHIq8y6WFOnCh6jQu95IteLxomM=",
      "optional": true
    },
    "statuses": {
      "version": "1.5.0",
      "resolved": "https://artifactory.corp.adobe.com:443/artifactory/api/npm/npmjs-remote/statuses/-/statuses-1.5.0.tgz",
      "integrity": "sha1-Fhx9rBd2Wf2YEfQ3cfqZOBR4Yow="
    },
    "string_decoder": {
      "version": "0.10.31",
      "resolved": "https://artifactory.corp.adobe.com:443/artifactory/api/npm/npmjs-remote/string_decoder/-/string_decoder-0.10.31.tgz",
      "integrity": "sha1-YuIDvEF2bGwoyfyEMB2rHFMQ+pQ="
    },
    "thunkify": {
      "version": "2.1.2",
      "resolved": "https://artifactory.corp.adobe.com:443/artifactory/api/npm/npmjs-remote/thunkify/-/thunkify-2.1.2.tgz",
      "integrity": "sha1-+qDp0jDFGsyVyhOjYawFyn4EVT0="
    },
    "toidentifier": {
      "version": "1.0.0",
      "resolved": "https://artifactory.corp.adobe.com:443/artifactory/api/npm/npmjs-remote/toidentifier/-/toidentifier-1.0.0.tgz",
      "integrity": "sha1-fhvjRw8ed5SLxD2Uo8j013UrpVM="
    },
    "type-check": {
      "version": "0.3.2",
      "resolved": "https://artifactory.corp.adobe.com:443/artifactory/api/npm/npmjs-remote/type-check/-/type-check-0.3.2.tgz",
      "integrity": "sha1-WITKtRLPHTVeP7eE8wgEsrUg23I=",
      "requires": {
        "prelude-ls": "~1.1.2"
      }
    },
    "unpipe": {
      "version": "1.0.0",
      "resolved": "https://artifactory.corp.adobe.com:443/artifactory/api/npm/npmjs-remote/unpipe/-/unpipe-1.0.0.tgz",
      "integrity": "sha1-sr9O6FFKrmFltIF4KdIbLvSZBOw="
    },
    "util-deprecate": {
      "version": "1.0.2",
      "resolved": "https://artifactory.corp.adobe.com:443/artifactory/api/npm/npmjs-remote/util-deprecate/-/util-deprecate-1.0.2.tgz",
      "integrity": "sha1-RQ1Nyfpw3nMnYvvS1KKJgUGaDM8="
    },
    "wordwrap": {
      "version": "1.0.0",
      "resolved": "https://artifactory.corp.adobe.com:443/artifactory/api/npm/npmjs-remote/wordwrap/-/wordwrap-1.0.0.tgz",
      "integrity": "sha1-J1hIEIkUVqQXHI0CJkQa3pDLyus="
    },
    "xregexp": {
      "version": "2.0.0",
      "resolved": "https://artifactory.corp.adobe.com:443/artifactory/api/npm/npmjs-remote/xregexp/-/xregexp-2.0.0.tgz",
      "integrity": "sha1-UqY+VsoLhKfzpfPWGHLxJq16WUM="
    },
    "yallist": {
      "version": "2.1.2",
      "resolved": "https://artifactory.corp.adobe.com:443/artifactory/api/npm/npmjs-remote/yallist/-/yallist-2.1.2.tgz",
      "integrity": "sha1-HBH5IY8HYImkfdUS+TxmmaaoHVI="
    }
  }
}
